// !$*UTF8*$!
{
	archiveVersion = 1;
	classes = {
	};
	objectVersion = 56;
	objects = {

/* Begin PBXBuildFile section */
		922B979F2A24758C0094F7AE /* AppDelegate.swift in Sources */ = {isa = PBXBuildFile; fileRef = 922B979E2A24758C0094F7AE /* AppDelegate.swift */; };
		922B97A12A24758C0094F7AE /* SceneDelegate.swift in Sources */ = {isa = PBXBuildFile; fileRef = 922B97A02A24758C0094F7AE /* SceneDelegate.swift */; };
		922B97A82A24758C0094F7AE /* Assets.xcassets in Resources */ = {isa = PBXBuildFile; fileRef = 922B97A72A24758C0094F7AE /* Assets.xcassets */; };
		922B97AB2A24758C0094F7AE /* LaunchScreen.storyboard in Resources */ = {isa = PBXBuildFile; fileRef = 922B97A92A24758C0094F7AE /* LaunchScreen.storyboard */; };
		922B97DA2A2475C00094F7AE /* CollectionHeaderSupplementaryView.swift in Sources */ = {isa = PBXBuildFile; fileRef = 922B97CF2A2475C00094F7AE /* CollectionHeaderSupplementaryView.swift */; };
		922B97DB2A2475C00094F7AE /* TrackerStruct.swift in Sources */ = {isa = PBXBuildFile; fileRef = 922B97D12A2475C00094F7AE /* TrackerStruct.swift */; };
		922B97DD2A2475C00094F7AE /* StatisticsViewController.swift in Sources */ = {isa = PBXBuildFile; fileRef = 922B97D52A2475C00094F7AE /* StatisticsViewController.swift */; };
		922B97DE2A2475C00094F7AE /* TrackersViewController.swift in Sources */ = {isa = PBXBuildFile; fileRef = 922B97D62A2475C00094F7AE /* TrackersViewController.swift */; };
		922B97DF2A2475C00094F7AE /* MainTabBarViewController.swift in Sources */ = {isa = PBXBuildFile; fileRef = 922B97D72A2475C00094F7AE /* MainTabBarViewController.swift */; };
		922B97E02A2475C00094F7AE /* Data.swift in Sources */ = {isa = PBXBuildFile; fileRef = 922B97D92A2475C00094F7AE /* Data.swift */; };
		922B97E32A25B2420094F7AE /* TrackerTypeViewController.swift in Sources */ = {isa = PBXBuildFile; fileRef = 922B97E22A25B2420094F7AE /* TrackerTypeViewController.swift */; };
		922B97E62A25B4E40094F7AE /* Main.storyboard in Resources */ = {isa = PBXBuildFile; fileRef = 922B97E52A25B4E40094F7AE /* Main.storyboard */; };
		922B97EC2A25B6710094F7AE /* EmojiCell.swift in Sources */ = {isa = PBXBuildFile; fileRef = 922B97EB2A25B6710094F7AE /* EmojiCell.swift */; };
		922B97EE2A25B6A70094F7AE /* ColorCell.swift in Sources */ = {isa = PBXBuildFile; fileRef = 922B97ED2A25B6A70094F7AE /* ColorCell.swift */; };
		922B97F22A25BCB20094F7AE /* CategorySelectionViewController.swift in Sources */ = {isa = PBXBuildFile; fileRef = 922B97F12A25BCB20094F7AE /* CategorySelectionViewController.swift */; };
		922B97F42A25BCC30094F7AE /* ScheduleSelectionViewController.swift in Sources */ = {isa = PBXBuildFile; fileRef = 922B97F32A25BCC30094F7AE /* ScheduleSelectionViewController.swift */; };
		922B97F62A25BD240094F7AE /* ScheduleCell.swift in Sources */ = {isa = PBXBuildFile; fileRef = 922B97F52A25BD240094F7AE /* ScheduleCell.swift */; };
		922B97FB2A25C7990094F7AE /* TrackerCell.swift in Sources */ = {isa = PBXBuildFile; fileRef = 922B97FA2A25C7990094F7AE /* TrackerCell.swift */; };
		922B97FF2A25CA790094F7AE /* CategoryCell.swift in Sources */ = {isa = PBXBuildFile; fileRef = 922B97FE2A25CA790094F7AE /* CategoryCell.swift */; };
		922B98012A25CE110094F7AE /* NewHabitViewController.swift in Sources */ = {isa = PBXBuildFile; fileRef = 922B98002A25CE110094F7AE /* NewHabitViewController.swift */; };
		922B98032A25CE200094F7AE /* NewIrregularEventViewController.swift in Sources */ = {isa = PBXBuildFile; fileRef = 922B98022A25CE200094F7AE /* NewIrregularEventViewController.swift */; };
		922B98052A25CEBA0094F7AE /* IrregularCategoryCell.swift in Sources */ = {isa = PBXBuildFile; fileRef = 922B98042A25CEBA0094F7AE /* IrregularCategoryCell.swift */; };
		922B98072A25CFA30094F7AE /* HabitCategoryCell.swift in Sources */ = {isa = PBXBuildFile; fileRef = 922B98062A25CFA30094F7AE /* HabitCategoryCell.swift */; };
		922B980A2A26DE310094F7AE /* OnboardingViewController.swift in Sources */ = {isa = PBXBuildFile; fileRef = 922B98092A26DE310094F7AE /* OnboardingViewController.swift */; };
		922B980C2A26DE440094F7AE /* OnboardingPageViewController.swift in Sources */ = {isa = PBXBuildFile; fileRef = 922B980B2A26DE440094F7AE /* OnboardingPageViewController.swift */; };
		9241F5802A64E89B00BB43B5 /* Localizable.stringsdict in Resources */ = {isa = PBXBuildFile; fileRef = 9241F5822A64E89B00BB43B5 /* Localizable.stringsdict */; };
		924FB1A42A3AEAA0007C3B13 /* UIColorExtension.swift in Sources */ = {isa = PBXBuildFile; fileRef = 924FB1A32A3AEAA0007C3B13 /* UIColorExtension.swift */; };
		924FB1D22A3EBAAF007C3B13 /* DataModel.xcdatamodeld in Sources */ = {isa = PBXBuildFile; fileRef = 924FB1D02A3EBAAF007C3B13 /* DataModel.xcdatamodeld */; };
		925F02C02A6668AF005A1641 /* HabitTests1.swift in Sources */ = {isa = PBXBuildFile; fileRef = 925F02BF2A6668AF005A1641 /* HabitTests1.swift */; };
		925F02C82A6668CC005A1641 /* SnapshotTesting in Frameworks */ = {isa = PBXBuildFile; productRef = 925F02C72A6668CC005A1641 /* SnapshotTesting */; };
		926917CB2A5D0DA100B96F30 /* CategoryViewModel.swift in Sources */ = {isa = PBXBuildFile; fileRef = 926917CA2A5D0DA100B96F30 /* CategoryViewModel.swift */; };
		926917CD2A5D177600B96F30 /* NewCategoryViewController.swift in Sources */ = {isa = PBXBuildFile; fileRef = 926917CC2A5D177600B96F30 /* NewCategoryViewController.swift */; };
		92D059602A395E2000E9D00F /* TrackerStore.swift in Sources */ = {isa = PBXBuildFile; fileRef = 92D0595F2A395E2000E9D00F /* TrackerStore.swift */; };
		92D059622A395F6400E9D00F /* TrackerCategoryStore.swift in Sources */ = {isa = PBXBuildFile; fileRef = 92D059612A395F6400E9D00F /* TrackerCategoryStore.swift */; };
		92D059692A396AF600E9D00F /* DataProvider.swift in Sources */ = {isa = PBXBuildFile; fileRef = 92D059682A396AF600E9D00F /* DataProvider.swift */; };
		92D0596B2A39813100E9D00F /* TrackerRecordStore.swift in Sources */ = {isa = PBXBuildFile; fileRef = 92D0596A2A39813100E9D00F /* TrackerRecordStore.swift */; };
		92FC91772A611710000F6888 /* Localizable.strings in Resources */ = {isa = PBXBuildFile; fileRef = 92FC91792A611710000F6888 /* Localizable.strings */; };
/* End PBXBuildFile section */

/* Begin PBXContainerItemProxy section */
		925F02C12A6668AF005A1641 /* PBXContainerItemProxy */ = {
			isa = PBXContainerItemProxy;
			containerPortal = 922B97932A24758C0094F7AE /* Project object */;
			proxyType = 1;
			remoteGlobalIDString = 922B979A2A24758C0094F7AE;
			remoteInfo = Habit;
		};
/* End PBXContainerItemProxy section */

/* Begin PBXFileReference section */
		922B979B2A24758C0094F7AE /* Habit.app */ = {isa = PBXFileReference; explicitFileType = wrapper.application; includeInIndex = 0; path = Habit.app; sourceTree = BUILT_PRODUCTS_DIR; };
		922B979E2A24758C0094F7AE /* AppDelegate.swift */ = {isa = PBXFileReference; lastKnownFileType = sourcecode.swift; path = AppDelegate.swift; sourceTree = "<group>"; };
		922B97A02A24758C0094F7AE /* SceneDelegate.swift */ = {isa = PBXFileReference; lastKnownFileType = sourcecode.swift; path = SceneDelegate.swift; sourceTree = "<group>"; };
		922B97A72A24758C0094F7AE /* Assets.xcassets */ = {isa = PBXFileReference; lastKnownFileType = folder.assetcatalog; path = Assets.xcassets; sourceTree = "<group>"; };
		922B97AA2A24758C0094F7AE /* Base */ = {isa = PBXFileReference; lastKnownFileType = file.storyboard; name = Base; path = Base.lproj/LaunchScreen.storyboard; sourceTree = "<group>"; };
		922B97AC2A24758C0094F7AE /* Info.plist */ = {isa = PBXFileReference; lastKnownFileType = text.plist.xml; path = Info.plist; sourceTree = "<group>"; };
		922B97CF2A2475C00094F7AE /* CollectionHeaderSupplementaryView.swift */ = {isa = PBXFileReference; fileEncoding = 4; lastKnownFileType = sourcecode.swift; path = CollectionHeaderSupplementaryView.swift; sourceTree = "<group>"; };
		922B97D12A2475C00094F7AE /* TrackerStruct.swift */ = {isa = PBXFileReference; fileEncoding = 4; lastKnownFileType = sourcecode.swift; path = TrackerStruct.swift; sourceTree = "<group>"; };
		922B97D52A2475C00094F7AE /* StatisticsViewController.swift */ = {isa = PBXFileReference; fileEncoding = 4; lastKnownFileType = sourcecode.swift; path = StatisticsViewController.swift; sourceTree = "<group>"; };
		922B97D62A2475C00094F7AE /* TrackersViewController.swift */ = {isa = PBXFileReference; fileEncoding = 4; lastKnownFileType = sourcecode.swift; path = TrackersViewController.swift; sourceTree = "<group>"; };
		922B97D72A2475C00094F7AE /* MainTabBarViewController.swift */ = {isa = PBXFileReference; fileEncoding = 4; lastKnownFileType = sourcecode.swift; path = MainTabBarViewController.swift; sourceTree = "<group>"; };
		922B97D92A2475C00094F7AE /* Data.swift */ = {isa = PBXFileReference; fileEncoding = 4; lastKnownFileType = sourcecode.swift; path = Data.swift; sourceTree = "<group>"; };
		922B97E22A25B2420094F7AE /* TrackerTypeViewController.swift */ = {isa = PBXFileReference; lastKnownFileType = sourcecode.swift; path = TrackerTypeViewController.swift; sourceTree = "<group>"; };
		922B97E52A25B4E40094F7AE /* Main.storyboard */ = {isa = PBXFileReference; lastKnownFileType = file.storyboard; path = Main.storyboard; sourceTree = "<group>"; };
		922B97EB2A25B6710094F7AE /* EmojiCell.swift */ = {isa = PBXFileReference; lastKnownFileType = sourcecode.swift; path = EmojiCell.swift; sourceTree = "<group>"; };
		922B97ED2A25B6A70094F7AE /* ColorCell.swift */ = {isa = PBXFileReference; lastKnownFileType = sourcecode.swift; path = ColorCell.swift; sourceTree = "<group>"; };
		922B97F12A25BCB20094F7AE /* CategorySelectionViewController.swift */ = {isa = PBXFileReference; lastKnownFileType = sourcecode.swift; path = CategorySelectionViewController.swift; sourceTree = "<group>"; };
		922B97F32A25BCC30094F7AE /* ScheduleSelectionViewController.swift */ = {isa = PBXFileReference; lastKnownFileType = sourcecode.swift; path = ScheduleSelectionViewController.swift; sourceTree = "<group>"; };
		922B97F52A25BD240094F7AE /* ScheduleCell.swift */ = {isa = PBXFileReference; lastKnownFileType = sourcecode.swift; path = ScheduleCell.swift; sourceTree = "<group>"; };
		922B97FA2A25C7990094F7AE /* TrackerCell.swift */ = {isa = PBXFileReference; lastKnownFileType = sourcecode.swift; path = TrackerCell.swift; sourceTree = "<group>"; };
		922B97FE2A25CA790094F7AE /* CategoryCell.swift */ = {isa = PBXFileReference; lastKnownFileType = sourcecode.swift; path = CategoryCell.swift; sourceTree = "<group>"; };
		922B98002A25CE110094F7AE /* NewHabitViewController.swift */ = {isa = PBXFileReference; lastKnownFileType = sourcecode.swift; path = NewHabitViewController.swift; sourceTree = "<group>"; };
		922B98022A25CE200094F7AE /* NewIrregularEventViewController.swift */ = {isa = PBXFileReference; lastKnownFileType = sourcecode.swift; path = NewIrregularEventViewController.swift; sourceTree = "<group>"; };
		922B98042A25CEBA0094F7AE /* IrregularCategoryCell.swift */ = {isa = PBXFileReference; lastKnownFileType = sourcecode.swift; path = IrregularCategoryCell.swift; sourceTree = "<group>"; };
		922B98062A25CFA30094F7AE /* HabitCategoryCell.swift */ = {isa = PBXFileReference; lastKnownFileType = sourcecode.swift; path = HabitCategoryCell.swift; sourceTree = "<group>"; };
		922B98092A26DE310094F7AE /* OnboardingViewController.swift */ = {isa = PBXFileReference; lastKnownFileType = sourcecode.swift; path = OnboardingViewController.swift; sourceTree = "<group>"; };
		922B980B2A26DE440094F7AE /* OnboardingPageViewController.swift */ = {isa = PBXFileReference; lastKnownFileType = sourcecode.swift; path = OnboardingPageViewController.swift; sourceTree = "<group>"; };
		9241F5812A64E89B00BB43B5 /* en */ = {isa = PBXFileReference; lastKnownFileType = text.plist.stringsdict; name = en; path = en.lproj/Localizable.stringsdict; sourceTree = "<group>"; };
		9241F5832A64E89D00BB43B5 /* ru */ = {isa = PBXFileReference; lastKnownFileType = text.plist.stringsdict; name = ru; path = ru.lproj/Localizable.stringsdict; sourceTree = "<group>"; };
		924FB1A32A3AEAA0007C3B13 /* UIColorExtension.swift */ = {isa = PBXFileReference; lastKnownFileType = sourcecode.swift; path = UIColorExtension.swift; sourceTree = "<group>"; };
		924FB1D12A3EBAAF007C3B13 /* DataModel.xcdatamodel */ = {isa = PBXFileReference; lastKnownFileType = wrapper.xcdatamodel; path = DataModel.xcdatamodel; sourceTree = "<group>"; };
		925F02BD2A6668AF005A1641 /* HabitTests1.xctest */ = {isa = PBXFileReference; explicitFileType = wrapper.cfbundle; includeInIndex = 0; path = HabitTests1.xctest; sourceTree = BUILT_PRODUCTS_DIR; };
		925F02BF2A6668AF005A1641 /* HabitTests1.swift */ = {isa = PBXFileReference; lastKnownFileType = sourcecode.swift; path = HabitTests1.swift; sourceTree = "<group>"; };
		926917CA2A5D0DA100B96F30 /* CategoryViewModel.swift */ = {isa = PBXFileReference; lastKnownFileType = sourcecode.swift; path = CategoryViewModel.swift; sourceTree = "<group>"; };
		926917CC2A5D177600B96F30 /* NewCategoryViewController.swift */ = {isa = PBXFileReference; lastKnownFileType = sourcecode.swift; path = NewCategoryViewController.swift; sourceTree = "<group>"; };
		92D0595F2A395E2000E9D00F /* TrackerStore.swift */ = {isa = PBXFileReference; lastKnownFileType = sourcecode.swift; path = TrackerStore.swift; sourceTree = "<group>"; };
		92D059612A395F6400E9D00F /* TrackerCategoryStore.swift */ = {isa = PBXFileReference; lastKnownFileType = sourcecode.swift; path = TrackerCategoryStore.swift; sourceTree = "<group>"; };
		92D059682A396AF600E9D00F /* DataProvider.swift */ = {isa = PBXFileReference; lastKnownFileType = sourcecode.swift; path = DataProvider.swift; sourceTree = "<group>"; };
		92D0596A2A39813100E9D00F /* TrackerRecordStore.swift */ = {isa = PBXFileReference; lastKnownFileType = sourcecode.swift; path = TrackerRecordStore.swift; sourceTree = "<group>"; };
		92FC91782A611710000F6888 /* en */ = {isa = PBXFileReference; lastKnownFileType = text.plist.strings; name = en; path = en.lproj/Localizable.strings; sourceTree = "<group>"; };
		92FC917A2A6117F5000F6888 /* ru */ = {isa = PBXFileReference; lastKnownFileType = text.plist.strings; name = ru; path = ru.lproj/LaunchScreen.strings; sourceTree = "<group>"; };
		92FC917B2A6117F5000F6888 /* ru */ = {isa = PBXFileReference; lastKnownFileType = text.plist.strings; name = ru; path = ru.lproj/Localizable.strings; sourceTree = "<group>"; };
/* End PBXFileReference section */

/* Begin PBXFrameworksBuildPhase section */
		922B97982A24758C0094F7AE /* Frameworks */ = {
			isa = PBXFrameworksBuildPhase;
			buildActionMask = 2147483647;
			files = (
			);
			runOnlyForDeploymentPostprocessing = 0;
		};
		925F02BA2A6668AF005A1641 /* Frameworks */ = {
			isa = PBXFrameworksBuildPhase;
			buildActionMask = 2147483647;
			files = (
				925F02C82A6668CC005A1641 /* SnapshotTesting in Frameworks */,
			);
			runOnlyForDeploymentPostprocessing = 0;
		};
/* End PBXFrameworksBuildPhase section */

/* Begin PBXGroup section */
		922B97922A24758C0094F7AE = {
			isa = PBXGroup;
			children = (
				922B979D2A24758C0094F7AE /* Habit */,
				925F02BE2A6668AF005A1641 /* HabitTests1 */,
				922B979C2A24758C0094F7AE /* Products */,
			);
			sourceTree = "<group>";
		};
		922B979C2A24758C0094F7AE /* Products */ = {
			isa = PBXGroup;
			children = (
				922B979B2A24758C0094F7AE /* Habit.app */,
				925F02BD2A6668AF005A1641 /* HabitTests1.xctest */,
			);
			name = Products;
			sourceTree = "<group>";
		};
		922B979D2A24758C0094F7AE /* Habit */ = {
			isa = PBXGroup;
			children = (
				926917C92A5D0D9100B96F30 /* ViewModels */,
				924FB1A22A3AEA88007C3B13 /* Helpers */,
				92D0595E2A395D8A00E9D00F /* CoreData */,
				922B98082A26DE180094F7AE /* Onboarding */,
				922B97AC2A24758C0094F7AE /* Info.plist */,
				922B979E2A24758C0094F7AE /* AppDelegate.swift */,
				922B97A02A24758C0094F7AE /* SceneDelegate.swift */,
				922B97A92A24758C0094F7AE /* LaunchScreen.storyboard */,
				922B97E42A25B3220094F7AE /* App */,
				922B97E12A25B21A0094F7AE /* TrackerCreation */,
				922B97D82A2475C00094F7AE /* AppData */,
				922B97D22A2475C00094F7AE /* Cells */,
				922B97D02A2475C00094F7AE /* Models */,
				922B97CE2A2475C00094F7AE /* SupplementaryView */,
				922B97D42A2475C00094F7AE /* TabBarControllers */,
			);
			path = Habit;
			sourceTree = "<group>";
		};
		922B97CE2A2475C00094F7AE /* SupplementaryView */ = {
			isa = PBXGroup;
			children = (
				922B97CF2A2475C00094F7AE /* CollectionHeaderSupplementaryView.swift */,
			);
			path = SupplementaryView;
			sourceTree = "<group>";
		};
		922B97D02A2475C00094F7AE /* Models */ = {
			isa = PBXGroup;
			children = (
				922B97D12A2475C00094F7AE /* TrackerStruct.swift */,
			);
			path = Models;
			sourceTree = "<group>";
		};
		922B97D22A2475C00094F7AE /* Cells */ = {
			isa = PBXGroup;
			children = (
				922B97EB2A25B6710094F7AE /* EmojiCell.swift */,
				922B97ED2A25B6A70094F7AE /* ColorCell.swift */,
				922B97F52A25BD240094F7AE /* ScheduleCell.swift */,
				922B97FA2A25C7990094F7AE /* TrackerCell.swift */,
				922B97FE2A25CA790094F7AE /* CategoryCell.swift */,
				922B98042A25CEBA0094F7AE /* IrregularCategoryCell.swift */,
				922B98062A25CFA30094F7AE /* HabitCategoryCell.swift */,
			);
			path = Cells;
			sourceTree = "<group>";
		};
		922B97D42A2475C00094F7AE /* TabBarControllers */ = {
			isa = PBXGroup;
			children = (
				922B97D52A2475C00094F7AE /* StatisticsViewController.swift */,
				922B97D62A2475C00094F7AE /* TrackersViewController.swift */,
				922B97D72A2475C00094F7AE /* MainTabBarViewController.swift */,
			);
			path = TabBarControllers;
			sourceTree = "<group>";
		};
		922B97D82A2475C00094F7AE /* AppData */ = {
			isa = PBXGroup;
			children = (
				922B97D92A2475C00094F7AE /* Data.swift */,
			);
			path = AppData;
			sourceTree = "<group>";
		};
		922B97E12A25B21A0094F7AE /* TrackerCreation */ = {
			isa = PBXGroup;
			children = (
				922B97E22A25B2420094F7AE /* TrackerTypeViewController.swift */,
				922B97F32A25BCC30094F7AE /* ScheduleSelectionViewController.swift */,
				922B98002A25CE110094F7AE /* NewHabitViewController.swift */,
				922B98022A25CE200094F7AE /* NewIrregularEventViewController.swift */,
			);
			path = TrackerCreation;
			sourceTree = "<group>";
		};
		922B97E42A25B3220094F7AE /* App */ = {
			isa = PBXGroup;
			children = (
				924FB1D02A3EBAAF007C3B13 /* DataModel.xcdatamodeld */,
				922B97A72A24758C0094F7AE /* Assets.xcassets */,
				922B97E52A25B4E40094F7AE /* Main.storyboard */,
				92FC91792A611710000F6888 /* Localizable.strings */,
				9241F5822A64E89B00BB43B5 /* Localizable.stringsdict */,
			);
			path = App;
			sourceTree = "<group>";
		};
		922B98082A26DE180094F7AE /* Onboarding */ = {
			isa = PBXGroup;
			children = (
				922B98092A26DE310094F7AE /* OnboardingViewController.swift */,
				922B980B2A26DE440094F7AE /* OnboardingPageViewController.swift */,
			);
			path = Onboarding;
			sourceTree = "<group>";
		};
		924FB1A22A3AEA88007C3B13 /* Helpers */ = {
			isa = PBXGroup;
			children = (
				924FB1A32A3AEAA0007C3B13 /* UIColorExtension.swift */,
			);
			path = Helpers;
			sourceTree = "<group>";
		};
		925F02BE2A6668AF005A1641 /* HabitTests1 */ = {
			isa = PBXGroup;
			children = (
				925F02BF2A6668AF005A1641 /* HabitTests1.swift */,
			);
			path = HabitTests1;
			sourceTree = "<group>";
		};
		926917C92A5D0D9100B96F30 /* ViewModels */ = {
			isa = PBXGroup;
			children = (
				922B97F12A25BCB20094F7AE /* CategorySelectionViewController.swift */,
				926917CA2A5D0DA100B96F30 /* CategoryViewModel.swift */,
				926917CC2A5D177600B96F30 /* NewCategoryViewController.swift */,
			);
			path = ViewModels;
			sourceTree = "<group>";
		};
		92D0595E2A395D8A00E9D00F /* CoreData */ = {
			isa = PBXGroup;
			children = (
				92D0595F2A395E2000E9D00F /* TrackerStore.swift */,
				92D059612A395F6400E9D00F /* TrackerCategoryStore.swift */,
				92D0596A2A39813100E9D00F /* TrackerRecordStore.swift */,
				92D059682A396AF600E9D00F /* DataProvider.swift */,
			);
			path = CoreData;
			sourceTree = "<group>";
		};
/* End PBXGroup section */

/* Begin PBXNativeTarget section */
		922B979A2A24758C0094F7AE /* Habit */ = {
			isa = PBXNativeTarget;
			buildConfigurationList = 922B97C52A24758C0094F7AE /* Build configuration list for PBXNativeTarget "Habit" */;
			buildPhases = (
				922B97972A24758C0094F7AE /* Sources */,
				922B97982A24758C0094F7AE /* Frameworks */,
				922B97992A24758C0094F7AE /* Resources */,
			);
			buildRules = (
			);
			dependencies = (
			);
			name = Habit;
			productName = Habit;
			productReference = 922B979B2A24758C0094F7AE /* Habit.app */;
			productType = "com.apple.product-type.application";
		};
		925F02BC2A6668AF005A1641 /* HabitTests1 */ = {
			isa = PBXNativeTarget;
			buildConfigurationList = 925F02C52A6668AF005A1641 /* Build configuration list for PBXNativeTarget "HabitTests1" */;
			buildPhases = (
				925F02B92A6668AF005A1641 /* Sources */,
				925F02BA2A6668AF005A1641 /* Frameworks */,
				925F02BB2A6668AF005A1641 /* Resources */,
			);
			buildRules = (
			);
			dependencies = (
				925F02C22A6668AF005A1641 /* PBXTargetDependency */,
			);
			name = HabitTests1;
			packageProductDependencies = (
				925F02C72A6668CC005A1641 /* SnapshotTesting */,
			);
			productName = HabitTests1;
			productReference = 925F02BD2A6668AF005A1641 /* HabitTests1.xctest */;
			productType = "com.apple.product-type.bundle.unit-test";
		};
/* End PBXNativeTarget section */

/* Begin PBXProject section */
		922B97932A24758C0094F7AE /* Project object */ = {
			isa = PBXProject;
			attributes = {
				BuildIndependentTargetsInParallel = 1;
				LastSwiftUpdateCheck = 1430;
				LastUpgradeCheck = 1430;
				TargetAttributes = {
					922B979A2A24758C0094F7AE = {
						CreatedOnToolsVersion = 14.3;
					};
					925F02BC2A6668AF005A1641 = {
						CreatedOnToolsVersion = 14.3;
						TestTargetID = 922B979A2A24758C0094F7AE;
					};
				};
			};
			buildConfigurationList = 922B97962A24758C0094F7AE /* Build configuration list for PBXProject "Habit" */;
			compatibilityVersion = "Xcode 14.0";
			developmentRegion = en;
			hasScannedForEncodings = 0;
			knownRegions = (
				en,
				Base,
				ru,
			);
			mainGroup = 922B97922A24758C0094F7AE;
			packageReferences = (
				925F02C62A6668CC005A1641 /* XCRemoteSwiftPackageReference "swift-snapshot-testing" */,
			);
			productRefGroup = 922B979C2A24758C0094F7AE /* Products */;
			projectDirPath = "";
			projectRoot = "";
			targets = (
				922B979A2A24758C0094F7AE /* Habit */,
				925F02BC2A6668AF005A1641 /* HabitTests1 */,
			);
		};
/* End PBXProject section */

/* Begin PBXResourcesBuildPhase section */
		922B97992A24758C0094F7AE /* Resources */ = {
			isa = PBXResourcesBuildPhase;
			buildActionMask = 2147483647;
			files = (
				922B97E62A25B4E40094F7AE /* Main.storyboard in Resources */,
				92FC91772A611710000F6888 /* Localizable.strings in Resources */,
				922B97AB2A24758C0094F7AE /* LaunchScreen.storyboard in Resources */,
				9241F5802A64E89B00BB43B5 /* Localizable.stringsdict in Resources */,
				922B97A82A24758C0094F7AE /* Assets.xcassets in Resources */,
			);
			runOnlyForDeploymentPostprocessing = 0;
		};
		925F02BB2A6668AF005A1641 /* Resources */ = {
			isa = PBXResourcesBuildPhase;
			buildActionMask = 2147483647;
			files = (
			);
			runOnlyForDeploymentPostprocessing = 0;
		};
/* End PBXResourcesBuildPhase section */

/* Begin PBXSourcesBuildPhase section */
		922B97972A24758C0094F7AE /* Sources */ = {
			isa = PBXSourcesBuildPhase;
			buildActionMask = 2147483647;
			files = (
				922B97E32A25B2420094F7AE /* TrackerTypeViewController.swift in Sources */,
				924FB1D22A3EBAAF007C3B13 /* DataModel.xcdatamodeld in Sources */,
				922B97E02A2475C00094F7AE /* Data.swift in Sources */,
				922B98032A25CE200094F7AE /* NewIrregularEventViewController.swift in Sources */,
				922B97F22A25BCB20094F7AE /* CategorySelectionViewController.swift in Sources */,
				922B980A2A26DE310094F7AE /* OnboardingViewController.swift in Sources */,
				922B98072A25CFA30094F7AE /* HabitCategoryCell.swift in Sources */,
				926917CD2A5D177600B96F30 /* NewCategoryViewController.swift in Sources */,
				92D059692A396AF600E9D00F /* DataProvider.swift in Sources */,
				922B98052A25CEBA0094F7AE /* IrregularCategoryCell.swift in Sources */,
				922B97F62A25BD240094F7AE /* ScheduleCell.swift in Sources */,
				922B979F2A24758C0094F7AE /* AppDelegate.swift in Sources */,
				922B98012A25CE110094F7AE /* NewHabitViewController.swift in Sources */,
				922B980C2A26DE440094F7AE /* OnboardingPageViewController.swift in Sources */,
				922B97DB2A2475C00094F7AE /* TrackerStruct.swift in Sources */,
				922B97DF2A2475C00094F7AE /* MainTabBarViewController.swift in Sources */,
				92D059602A395E2000E9D00F /* TrackerStore.swift in Sources */,
				922B97A12A24758C0094F7AE /* SceneDelegate.swift in Sources */,
				92D059622A395F6400E9D00F /* TrackerCategoryStore.swift in Sources */,
				926917CB2A5D0DA100B96F30 /* CategoryViewModel.swift in Sources */,
				922B97EE2A25B6A70094F7AE /* ColorCell.swift in Sources */,
				922B97DE2A2475C00094F7AE /* TrackersViewController.swift in Sources */,
				922B97DA2A2475C00094F7AE /* CollectionHeaderSupplementaryView.swift in Sources */,
				922B97F42A25BCC30094F7AE /* ScheduleSelectionViewController.swift in Sources */,
				924FB1A42A3AEAA0007C3B13 /* UIColorExtension.swift in Sources */,
				92D0596B2A39813100E9D00F /* TrackerRecordStore.swift in Sources */,
				922B97EC2A25B6710094F7AE /* EmojiCell.swift in Sources */,
				922B97DD2A2475C00094F7AE /* StatisticsViewController.swift in Sources */,
				922B97FB2A25C7990094F7AE /* TrackerCell.swift in Sources */,
				922B97FF2A25CA790094F7AE /* CategoryCell.swift in Sources */,
			);
			runOnlyForDeploymentPostprocessing = 0;
		};
		925F02B92A6668AF005A1641 /* Sources */ = {
			isa = PBXSourcesBuildPhase;
			buildActionMask = 2147483647;
			files = (
				925F02C02A6668AF005A1641 /* HabitTests1.swift in Sources */,
			);
			runOnlyForDeploymentPostprocessing = 0;
		};
/* End PBXSourcesBuildPhase section */

/* Begin PBXTargetDependency section */
		925F02C22A6668AF005A1641 /* PBXTargetDependency */ = {
			isa = PBXTargetDependency;
			target = 922B979A2A24758C0094F7AE /* Habit */;
			targetProxy = 925F02C12A6668AF005A1641 /* PBXContainerItemProxy */;
		};
/* End PBXTargetDependency section */

/* Begin PBXVariantGroup section */
		922B97A92A24758C0094F7AE /* LaunchScreen.storyboard */ = {
			isa = PBXVariantGroup;
			children = (
				922B97AA2A24758C0094F7AE /* Base */,
				92FC917A2A6117F5000F6888 /* ru */,
			);
			name = LaunchScreen.storyboard;
			sourceTree = "<group>";
		};
		9241F5822A64E89B00BB43B5 /* Localizable.stringsdict */ = {
			isa = PBXVariantGroup;
			children = (
				9241F5812A64E89B00BB43B5 /* en */,
				9241F5832A64E89D00BB43B5 /* ru */,
			);
			name = Localizable.stringsdict;
			sourceTree = "<group>";
		};
		92FC91792A611710000F6888 /* Localizable.strings */ = {
			isa = PBXVariantGroup;
			children = (
				92FC91782A611710000F6888 /* en */,
				92FC917B2A6117F5000F6888 /* ru */,
			);
			name = Localizable.strings;
			sourceTree = "<group>";
		};
/* End PBXVariantGroup section */

/* Begin XCBuildConfiguration section */
		922B97C32A24758C0094F7AE /* Debug */ = {
			isa = XCBuildConfiguration;
			buildSettings = {
				ALWAYS_SEARCH_USER_PATHS = NO;
				CLANG_ANALYZER_LOCALIZABILITY_NONLOCALIZED = YES;
				CLANG_ANALYZER_NONNULL = YES;
				CLANG_ANALYZER_NUMBER_OBJECT_CONVERSION = YES_AGGRESSIVE;
				CLANG_CXX_LANGUAGE_STANDARD = "gnu++20";
				CLANG_ENABLE_MODULES = YES;
				CLANG_ENABLE_OBJC_ARC = YES;
				CLANG_ENABLE_OBJC_WEAK = YES;
				CLANG_WARN_BLOCK_CAPTURE_AUTORELEASING = YES;
				CLANG_WARN_BOOL_CONVERSION = YES;
				CLANG_WARN_COMMA = YES;
				CLANG_WARN_CONSTANT_CONVERSION = YES;
				CLANG_WARN_DEPRECATED_OBJC_IMPLEMENTATIONS = YES;
				CLANG_WARN_DIRECT_OBJC_ISA_USAGE = YES_ERROR;
				CLANG_WARN_DOCUMENTATION_COMMENTS = YES;
				CLANG_WARN_EMPTY_BODY = YES;
				CLANG_WARN_ENUM_CONVERSION = YES;
				CLANG_WARN_INFINITE_RECURSION = YES;
				CLANG_WARN_INT_CONVERSION = YES;
				CLANG_WARN_NON_LITERAL_NULL_CONVERSION = YES;
				CLANG_WARN_OBJC_IMPLICIT_RETAIN_SELF = YES;
				CLANG_WARN_OBJC_LITERAL_CONVERSION = YES;
				CLANG_WARN_OBJC_ROOT_CLASS = YES_ERROR;
				CLANG_WARN_QUOTED_INCLUDE_IN_FRAMEWORK_HEADER = YES;
				CLANG_WARN_RANGE_LOOP_ANALYSIS = YES;
				CLANG_WARN_STRICT_PROTOTYPES = YES;
				CLANG_WARN_SUSPICIOUS_MOVE = YES;
				CLANG_WARN_UNGUARDED_AVAILABILITY = YES_AGGRESSIVE;
				CLANG_WARN_UNREACHABLE_CODE = YES;
				CLANG_WARN__DUPLICATE_METHOD_MATCH = YES;
				COPY_PHASE_STRIP = NO;
				DEBUG_INFORMATION_FORMAT = dwarf;
				ENABLE_STRICT_OBJC_MSGSEND = YES;
				ENABLE_TESTABILITY = YES;
				GCC_C_LANGUAGE_STANDARD = gnu11;
				GCC_DYNAMIC_NO_PIC = NO;
				GCC_NO_COMMON_BLOCKS = YES;
				GCC_OPTIMIZATION_LEVEL = 0;
				GCC_PREPROCESSOR_DEFINITIONS = (
					"DEBUG=1",
					"$(inherited)",
				);
				GCC_WARN_64_TO_32_BIT_CONVERSION = YES;
				GCC_WARN_ABOUT_RETURN_TYPE = YES_ERROR;
				GCC_WARN_UNDECLARED_SELECTOR = YES;
				GCC_WARN_UNINITIALIZED_AUTOS = YES_AGGRESSIVE;
				GCC_WARN_UNUSED_FUNCTION = YES;
				GCC_WARN_UNUSED_VARIABLE = YES;
				IPHONEOS_DEPLOYMENT_TARGET = 16.4;
				MTL_ENABLE_DEBUG_INFO = INCLUDE_SOURCE;
				MTL_FAST_MATH = YES;
				ONLY_ACTIVE_ARCH = YES;
				SDKROOT = iphoneos;
				SWIFT_ACTIVE_COMPILATION_CONDITIONS = DEBUG;
				SWIFT_OPTIMIZATION_LEVEL = "-Onone";
			};
			name = Debug;
		};
		922B97C42A24758C0094F7AE /* Release */ = {
			isa = XCBuildConfiguration;
			buildSettings = {
				ALWAYS_SEARCH_USER_PATHS = NO;
				CLANG_ANALYZER_LOCALIZABILITY_NONLOCALIZED = YES;
				CLANG_ANALYZER_NONNULL = YES;
				CLANG_ANALYZER_NUMBER_OBJECT_CONVERSION = YES_AGGRESSIVE;
				CLANG_CXX_LANGUAGE_STANDARD = "gnu++20";
				CLANG_ENABLE_MODULES = YES;
				CLANG_ENABLE_OBJC_ARC = YES;
				CLANG_ENABLE_OBJC_WEAK = YES;
				CLANG_WARN_BLOCK_CAPTURE_AUTORELEASING = YES;
				CLANG_WARN_BOOL_CONVERSION = YES;
				CLANG_WARN_COMMA = YES;
				CLANG_WARN_CONSTANT_CONVERSION = YES;
				CLANG_WARN_DEPRECATED_OBJC_IMPLEMENTATIONS = YES;
				CLANG_WARN_DIRECT_OBJC_ISA_USAGE = YES_ERROR;
				CLANG_WARN_DOCUMENTATION_COMMENTS = YES;
				CLANG_WARN_EMPTY_BODY = YES;
				CLANG_WARN_ENUM_CONVERSION = YES;
				CLANG_WARN_INFINITE_RECURSION = YES;
				CLANG_WARN_INT_CONVERSION = YES;
				CLANG_WARN_NON_LITERAL_NULL_CONVERSION = YES;
				CLANG_WARN_OBJC_IMPLICIT_RETAIN_SELF = YES;
				CLANG_WARN_OBJC_LITERAL_CONVERSION = YES;
				CLANG_WARN_OBJC_ROOT_CLASS = YES_ERROR;
				CLANG_WARN_QUOTED_INCLUDE_IN_FRAMEWORK_HEADER = YES;
				CLANG_WARN_RANGE_LOOP_ANALYSIS = YES;
				CLANG_WARN_STRICT_PROTOTYPES = YES;
				CLANG_WARN_SUSPICIOUS_MOVE = YES;
				CLANG_WARN_UNGUARDED_AVAILABILITY = YES_AGGRESSIVE;
				CLANG_WARN_UNREACHABLE_CODE = YES;
				CLANG_WARN__DUPLICATE_METHOD_MATCH = YES;
				COPY_PHASE_STRIP = NO;
				DEBUG_INFORMATION_FORMAT = "dwarf-with-dsym";
				ENABLE_NS_ASSERTIONS = NO;
				ENABLE_STRICT_OBJC_MSGSEND = YES;
				GCC_C_LANGUAGE_STANDARD = gnu11;
				GCC_NO_COMMON_BLOCKS = YES;
				GCC_WARN_64_TO_32_BIT_CONVERSION = YES;
				GCC_WARN_ABOUT_RETURN_TYPE = YES_ERROR;
				GCC_WARN_UNDECLARED_SELECTOR = YES;
				GCC_WARN_UNINITIALIZED_AUTOS = YES_AGGRESSIVE;
				GCC_WARN_UNUSED_FUNCTION = YES;
				GCC_WARN_UNUSED_VARIABLE = YES;
				IPHONEOS_DEPLOYMENT_TARGET = 16.4;
				MTL_ENABLE_DEBUG_INFO = NO;
				MTL_FAST_MATH = YES;
				SDKROOT = iphoneos;
				SWIFT_COMPILATION_MODE = wholemodule;
				SWIFT_OPTIMIZATION_LEVEL = "-O";
				VALIDATE_PRODUCT = YES;
			};
			name = Release;
		};
		922B97C62A24758C0094F7AE /* Debug */ = {
			isa = XCBuildConfiguration;
			buildSettings = {
				ASSETCATALOG_COMPILER_APPICON_NAME = AppIcon;
				ASSETCATALOG_COMPILER_GLOBAL_ACCENT_COLOR_NAME = AccentColor;
				CODE_SIGN_STYLE = Automatic;
				CURRENT_PROJECT_VERSION = 1;
				DEVELOPMENT_TEAM = 98N2MN935H;
				GENERATE_INFOPLIST_FILE = YES;
				INFOPLIST_FILE = Habit/Info.plist;
				INFOPLIST_KEY_UIApplicationSupportsIndirectInputEvents = YES;
				INFOPLIST_KEY_UILaunchStoryboardName = LaunchScreen;
				INFOPLIST_KEY_UIMainStoryboardFile = Main;
				INFOPLIST_KEY_UISupportedInterfaceOrientations_iPad = "UIInterfaceOrientationPortrait UIInterfaceOrientationPortraitUpsideDown UIInterfaceOrientationLandscapeLeft UIInterfaceOrientationLandscapeRight";
				INFOPLIST_KEY_UISupportedInterfaceOrientations_iPhone = "UIInterfaceOrientationPortrait UIInterfaceOrientationLandscapeLeft UIInterfaceOrientationLandscapeRight";
				IPHONEOS_DEPLOYMENT_TARGET = 13.4;
				LD_RUNPATH_SEARCH_PATHS = (
					"$(inherited)",
					"@executable_path/Frameworks",
				);
				MARKETING_VERSION = 1.0;
				PRODUCT_BUNDLE_IDENTIFIER = ru.praktikum.Habit.Habit;
				PRODUCT_NAME = "$(TARGET_NAME)";
				SWIFT_EMIT_LOC_STRINGS = YES;
				SWIFT_VERSION = 5.0;
				TARGETED_DEVICE_FAMILY = "1,2";
			};
			name = Debug;
		};
		922B97C72A24758C0094F7AE /* Release */ = {
			isa = XCBuildConfiguration;
			buildSettings = {
				ASSETCATALOG_COMPILER_APPICON_NAME = AppIcon;
				ASSETCATALOG_COMPILER_GLOBAL_ACCENT_COLOR_NAME = AccentColor;
				CODE_SIGN_STYLE = Automatic;
				CURRENT_PROJECT_VERSION = 1;
				DEVELOPMENT_TEAM = 98N2MN935H;
				GENERATE_INFOPLIST_FILE = YES;
				INFOPLIST_FILE = Habit/Info.plist;
				INFOPLIST_KEY_UIApplicationSupportsIndirectInputEvents = YES;
				INFOPLIST_KEY_UILaunchStoryboardName = LaunchScreen;
				INFOPLIST_KEY_UIMainStoryboardFile = Main;
				INFOPLIST_KEY_UISupportedInterfaceOrientations_iPad = "UIInterfaceOrientationPortrait UIInterfaceOrientationPortraitUpsideDown UIInterfaceOrientationLandscapeLeft UIInterfaceOrientationLandscapeRight";
				INFOPLIST_KEY_UISupportedInterfaceOrientations_iPhone = "UIInterfaceOrientationPortrait UIInterfaceOrientationLandscapeLeft UIInterfaceOrientationLandscapeRight";
				IPHONEOS_DEPLOYMENT_TARGET = 13.4;
				LD_RUNPATH_SEARCH_PATHS = (
					"$(inherited)",
					"@executable_path/Frameworks",
				);
				MARKETING_VERSION = 1.0;
				PRODUCT_BUNDLE_IDENTIFIER = ru.praktikum.Habit.Habit;
				PRODUCT_NAME = "$(TARGET_NAME)";
				SWIFT_EMIT_LOC_STRINGS = YES;
				SWIFT_VERSION = 5.0;
				TARGETED_DEVICE_FAMILY = "1,2";
			};
			name = Release;
		};
		925F02C32A6668AF005A1641 /* Debug */ = {
			isa = XCBuildConfiguration;
			buildSettings = {
				BUNDLE_LOADER = "$(TEST_HOST)";
				CODE_SIGN_STYLE = Automatic;
				CURRENT_PROJECT_VERSION = 1;
				DEVELOPMENT_TEAM = 98N2MN935H;
				GENERATE_INFOPLIST_FILE = YES;
				MARKETING_VERSION = 1.0;
				PRODUCT_BUNDLE_IDENTIFIER = ru.surfIT.HabitTests1;
				PRODUCT_NAME = "$(TARGET_NAME)";
				SWIFT_EMIT_LOC_STRINGS = NO;
				SWIFT_VERSION = 5.0;
				TARGETED_DEVICE_FAMILY = "1,2";
				TEST_HOST = "$(BUILT_PRODUCTS_DIR)/Habit.app/$(BUNDLE_EXECUTABLE_FOLDER_PATH)/Habit";
			};
			name = Debug;
		};
		925F02C42A6668AF005A1641 /* Release */ = {
			isa = XCBuildConfiguration;
			buildSettings = {
				BUNDLE_LOADER = "$(TEST_HOST)";
				CODE_SIGN_STYLE = Automatic;
				CURRENT_PROJECT_VERSION = 1;
				DEVELOPMENT_TEAM = 98N2MN935H;
				GENERATE_INFOPLIST_FILE = YES;
				MARKETING_VERSION = 1.0;
				PRODUCT_BUNDLE_IDENTIFIER = ru.surfIT.HabitTests1;
				PRODUCT_NAME = "$(TARGET_NAME)";
				SWIFT_EMIT_LOC_STRINGS = NO;
				SWIFT_VERSION = 5.0;
				TARGETED_DEVICE_FAMILY = "1,2";
				TEST_HOST = "$(BUILT_PRODUCTS_DIR)/Habit.app/$(BUNDLE_EXECUTABLE_FOLDER_PATH)/Habit";
			};
			name = Release;
		};
/* End XCBuildConfiguration section */

/* Begin XCConfigurationList section */
		922B97962A24758C0094F7AE /* Build configuration list for PBXProject "Habit" */ = {
			isa = XCConfigurationList;
			buildConfigurations = (
				922B97C32A24758C0094F7AE /* Debug */,
				922B97C42A24758C0094F7AE /* Release */,
			);
			defaultConfigurationIsVisible = 0;
			defaultConfigurationName = Release;
		};
		922B97C52A24758C0094F7AE /* Build configuration list for PBXNativeTarget "Habit" */ = {
			isa = XCConfigurationList;
			buildConfigurations = (
				922B97C62A24758C0094F7AE /* Debug */,
				922B97C72A24758C0094F7AE /* Release */,
			);
			defaultConfigurationIsVisible = 0;
			defaultConfigurationName = Release;
		};
		925F02C52A6668AF005A1641 /* Build configuration list for PBXNativeTarget "HabitTests1" */ = {
			isa = XCConfigurationList;
			buildConfigurations = (
				925F02C32A6668AF005A1641 /* Debug */,
				925F02C42A6668AF005A1641 /* Release */,
			);
			defaultConfigurationIsVisible = 0;
			defaultConfigurationName = Release;
		};
/* End XCConfigurationList section */

/* Begin XCRemoteSwiftPackageReference section */
		925F02C62A6668CC005A1641 /* XCRemoteSwiftPackageReference "swift-snapshot-testing" */ = {
			isa = XCRemoteSwiftPackageReference;
			repositoryURL = "https://github.com/pointfreeco/swift-snapshot-testing";
			requirement = {
				kind = upToNextMajorVersion;
				minimumVersion = 1.0.0;
			};
		};
/* End XCRemoteSwiftPackageReference section */

/* Begin XCSwiftPackageProductDependency section */
		925F02C72A6668CC005A1641 /* SnapshotTesting */ = {
			isa = XCSwiftPackageProductDependency;
			package = 925F02C62A6668CC005A1641 /* XCRemoteSwiftPackageReference "swift-snapshot-testing" */;
			productName = SnapshotTesting;
		};
/* End XCSwiftPackageProductDependency section */

/* Begin XCVersionGroup section */
		924FB1D02A3EBAAF007C3B13 /* DataModel.xcdatamodeld */ = {
			isa = XCVersionGroup;
			children = (
				924FB1D12A3EBAAF007C3B13 /* DataModel.xcdatamodel */,
			);
			currentVersion = 924FB1D12A3EBAAF007C3B13 /* DataModel.xcdatamodel */;
			path = DataModel.xcdatamodeld;
			sourceTree = "<group>";
			versionGroupType = wrapper.xcdatamodel;
		};
/* End XCVersionGroup section */
	};
	rootObject = 922B97932A24758C0094F7AE /* Project object */;
}
